
Microsoft Visual Studio Solution File, Format Version 12.00
# Visual Studio Version 17
VisualStudioVersion = 17.5.2.0
MinimumVisualStudioVersion = 10.0.40219.1
Project("{2150E333-8FDC-42A3-9474-1A3956D46DE8}") = "C#-Basics", "C#-Basics", "{B75D829C-1EB7-360F-67E4-B3743BBA3E71}"
EndProject
Project("{FAE04EC0-301F-11D3-BF4B-00C04F79EFBC}") = "01.HelloWorld", "C#-Basics\01.HelloWorld\01.HelloWorld.csproj", "{9A5A241C-D27A-7C6C-46E2-7417E33C9B3D}"
EndProject
Project("{FAE04EC0-301F-11D3-BF4B-00C04F79EFBC}") = "02.Variables", "C#-Basics\02.Variables\02.Variables.csproj", "{F991763A-2448-4067-AD4A-3B0401F76D2E}"
EndProject
Project("{FAE04EC0-301F-11D3-BF4B-00C04F79EFBC}") = "03.DataTypes", "C#-Basics\03.DataTypes\03.DataTypes.csproj", "{4460449C-91E5-486C-8FE7-2450CEEFDC4F}"
EndProject
Project("{FAE04EC0-301F-11D3-BF4B-00C04F79EFBC}") = "04.TypeCasting", "C#-Basics\04.TypeCasting\04.TypeCasting.csproj", "{518536A2-03EB-4E6A-8F54-123692C1E2F5}"
EndProject
Global
	GlobalSection(SolutionConfigurationPlatforms) = preSolution
		Debug|Any CPU = Debug|Any CPU
		Debug|x64 = Debug|x64
		Debug|x86 = Debug|x86
		Release|Any CPU = Release|Any CPU
		Release|x64 = Release|x64
		Release|x86 = Release|x86
	EndGlobalSection
	GlobalSection(ProjectConfigurationPlatforms) = postSolution
		{9A5A241C-D27A-7C6C-46E2-7417E33C9B3D}.Debug|Any CPU.ActiveCfg = Debug|Any CPU
		{9A5A241C-D27A-7C6C-46E2-7417E33C9B3D}.Debug|Any CPU.Build.0 = Debug|Any CPU
		{9A5A241C-D27A-7C6C-46E2-7417E33C9B3D}.Debug|x64.ActiveCfg = Debug|Any CPU
		{9A5A241C-D27A-7C6C-46E2-7417E33C9B3D}.Debug|x64.Build.0 = Debug|Any CPU
		{9A5A241C-D27A-7C6C-46E2-7417E33C9B3D}.Debug|x86.ActiveCfg = Debug|Any CPU
		{9A5A241C-D27A-7C6C-46E2-7417E33C9B3D}.Debug|x86.Build.0 = Debug|Any CPU
		{9A5A241C-D27A-7C6C-46E2-7417E33C9B3D}.Release|Any CPU.ActiveCfg = Release|Any CPU
		{9A5A241C-D27A-7C6C-46E2-7417E33C9B3D}.Release|Any CPU.Build.0 = Release|Any CPU
		{9A5A241C-D27A-7C6C-46E2-7417E33C9B3D}.Release|x64.ActiveCfg = Release|Any CPU
		{9A5A241C-D27A-7C6C-46E2-7417E33C9B3D}.Release|x64.Build.0 = Release|Any CPU
		{9A5A241C-D27A-7C6C-46E2-7417E33C9B3D}.Release|x86.ActiveCfg = Release|Any CPU
		{9A5A241C-D27A-7C6C-46E2-7417E33C9B3D}.Release|x86.Build.0 = Release|Any CPU
		{F991763A-2448-4067-AD4A-3B0401F76D2E}.Debug|Any CPU.ActiveCfg = Debug|Any CPU
		{F991763A-2448-4067-AD4A-3B0401F76D2E}.Debug|Any CPU.Build.0 = Debug|Any CPU
		{F991763A-2448-4067-AD4A-3B0401F76D2E}.Debug|x64.ActiveCfg = Debug|Any CPU
		{F991763A-2448-4067-AD4A-3B0401F76D2E}.Debug|x64.Build.0 = Debug|Any CPU
		{F991763A-2448-4067-AD4A-3B0401F76D2E}.Debug|x86.ActiveCfg = Debug|Any CPU
		{F991763A-2448-4067-AD4A-3B0401F76D2E}.Debug|x86.Build.0 = Debug|Any CPU
		{F991763A-2448-4067-AD4A-3B0401F76D2E}.Release|Any CPU.ActiveCfg = Release|Any CPU
		{F991763A-2448-4067-AD4A-3B0401F76D2E}.Release|Any CPU.Build.0 = Release|Any CPU
		{F991763A-2448-4067-AD4A-3B0401F76D2E}.Release|x64.ActiveCfg = Release|Any CPU
		{F991763A-2448-4067-AD4A-3B0401F76D2E}.Release|x64.Build.0 = Release|Any CPU
		{F991763A-2448-4067-AD4A-3B0401F76D2E}.Release|x86.ActiveCfg = Release|Any CPU
		{F991763A-2448-4067-AD4A-3B0401F76D2E}.Release|x86.Build.0 = Release|Any CPU
		{4460449C-91E5-486C-8FE7-2450CEEFDC4F}.Debug|Any CPU.ActiveCfg = Debug|Any CPU
		{4460449C-91E5-486C-8FE7-2450CEEFDC4F}.Debug|Any CPU.Build.0 = Debug|Any CPU
		{4460449C-91E5-486C-8FE7-2450CEEFDC4F}.Debug|x64.ActiveCfg = Debug|Any CPU
		{4460449C-91E5-486C-8FE7-2450CEEFDC4F}.Debug|x64.Build.0 = Debug|Any CPU
		{4460449C-91E5-486C-8FE7-2450CEEFDC4F}.Debug|x86.ActiveCfg = Debug|Any CPU
		{4460449C-91E5-486C-8FE7-2450CEEFDC4F}.Debug|x86.Build.0 = Debug|Any CPU
		{4460449C-91E5-486C-8FE7-2450CEEFDC4F}.Release|Any CPU.ActiveCfg = Release|Any CPU
		{4460449C-91E5-486C-8FE7-2450CEEFDC4F}.Release|Any CPU.Build.0 = Release|Any CPU
		{4460449C-91E5-486C-8FE7-2450CEEFDC4F}.Release|x64.ActiveCfg = Release|Any CPU
		{4460449C-91E5-486C-8FE7-2450CEEFDC4F}.Release|x64.Build.0 = Release|Any CPU
		{4460449C-91E5-486C-8FE7-2450CEEFDC4F}.Release|x86.ActiveCfg = Release|Any CPU
		{4460449C-91E5-486C-8FE7-2450CEEFDC4F}.Release|x86.Build.0 = Release|Any CPU
		{518536A2-03EB-4E6A-8F54-123692C1E2F5}.Debug|Any CPU.ActiveCfg = Debug|Any CPU
		{518536A2-03EB-4E6A-8F54-123692C1E2F5}.Debug|Any CPU.Build.0 = Debug|Any CPU
		{518536A2-03EB-4E6A-8F54-123692C1E2F5}.Debug|x64.ActiveCfg = Debug|Any CPU
		{518536A2-03EB-4E6A-8F54-123692C1E2F5}.Debug|x64.Build.0 = Debug|Any CPU
		{518536A2-03EB-4E6A-8F54-123692C1E2F5}.Debug|x86.ActiveCfg = Debug|Any CPU
		{518536A2-03EB-4E6A-8F54-123692C1E2F5}.Debug|x86.Build.0 = Debug|Any CPU
		{518536A2-03EB-4E6A-8F54-123692C1E2F5}.Release|Any CPU.ActiveCfg = Release|Any CPU
		{518536A2-03EB-4E6A-8F54-123692C1E2F5}.Release|Any CPU.Build.0 = Release|Any CPU
		{518536A2-03EB-4E6A-8F54-123692C1E2F5}.Release|x64.ActiveCfg = Release|Any CPU
		{518536A2-03EB-4E6A-8F54-123692C1E2F5}.Release|x64.Build.0 = Release|Any CPU
		{518536A2-03EB-4E6A-8F54-123692C1E2F5}.Release|x86.ActiveCfg = Release|Any CPU
		{518536A2-03EB-4E6A-8F54-123692C1E2F5}.Release|x86.Build.0 = Release|Any CPU
	EndGlobalSection
	GlobalSection(SolutionProperties) = preSolution
		HideSolutionNode = FALSE
	EndGlobalSection
	GlobalSection(NestedProjects) = preSolution
		{9A5A241C-D27A-7C6C-46E2-7417E33C9B3D} = {B75D829C-1EB7-360F-67E4-B3743BBA3E71}
		{F991763A-2448-4067-AD4A-3B0401F76D2E} = {B75D829C-1EB7-360F-67E4-B3743BBA3E71}
		{4460449C-91E5-486C-8FE7-2450CEEFDC4F} = {B75D829C-1EB7-360F-67E4-B3743BBA3E71}
		{518536A2-03EB-4E6A-8F54-123692C1E2F5} = {B75D829C-1EB7-360F-67E4-B3743BBA3E71}
	EndGlobalSection
	GlobalSection(ExtensibilityGlobals) = postSolution
		SolutionGuid = {F5A98897-4AFF-4F97-835D-4015EB89958B}
	EndGlobalSection
EndGlobal
